// !$*UTF8*$!
{
	archiveVersion = 1;
	classes = {
	};
	objectVersion = 52;
	objects = {

/* Begin PBXBuildFile section */
		AB46DB6224B78F42008F083F /* EndpointMock.swift in Sources */ = {isa = PBXBuildFile; fileRef = AB46DB6124B78F42008F083F /* EndpointMock.swift */; };
		AB55D64424B75B2300B613F8 /* GithubAPITest.swift in Sources */ = {isa = PBXBuildFile; fileRef = AB55D64324B75B2300B613F8 /* GithubAPITest.swift */; };
		AB55D64624B75F1100B613F8 /* GithubAPIMock.swift in Sources */ = {isa = PBXBuildFile; fileRef = AB55D64524B75F1100B613F8 /* GithubAPIMock.swift */; };
		AB70310C24B4DF06003349E4 /* AuthorizationResponse.swift in Sources */ = {isa = PBXBuildFile; fileRef = AB70310B24B4DF06003349E4 /* AuthorizationResponse.swift */; };
		AB70310E24B4FEB6003349E4 /* Secrets.swift in Sources */ = {isa = PBXBuildFile; fileRef = AB70310D24B4FEB6003349E4 /* Secrets.swift */; };
		AB70311024B5BD3C003349E4 /* Repository.swift in Sources */ = {isa = PBXBuildFile; fileRef = AB70310F24B5BD3C003349E4 /* Repository.swift */; };
		AB70311224B5C150003349E4 /* ReposViewController.swift in Sources */ = {isa = PBXBuildFile; fileRef = AB70311124B5C150003349E4 /* ReposViewController.swift */; };
		AB70311A24B61A99003349E4 /* AlertProtocol.swift in Sources */ = {isa = PBXBuildFile; fileRef = AB70311924B61A99003349E4 /* AlertProtocol.swift */; };
		B14AA74924AF2604004B334A /* Network.swift in Sources */ = {isa = PBXBuildFile; fileRef = B14AA74824AF2604004B334A /* Network.swift */; };
		B14AA74C24AF2837004B334A /* URLSession+NetworkProvider.swift in Sources */ = {isa = PBXBuildFile; fileRef = B14AA74B24AF2837004B334A /* URLSession+NetworkProvider.swift */; };
		B15BCDB824AF385900D78E13 /* GithubAPI.swift in Sources */ = {isa = PBXBuildFile; fileRef = B15BCDB724AF385900D78E13 /* GithubAPI.swift */; };
		B15BCDBB24AF38AC00D78E13 /* User.swift in Sources */ = {isa = PBXBuildFile; fileRef = B15BCDBA24AF38AC00D78E13 /* User.swift */; };
		B15BCDBD24AF4C1B00D78E13 /* APIError.swift in Sources */ = {isa = PBXBuildFile; fileRef = B15BCDBC24AF4C1B00D78E13 /* APIError.swift */; };
		B15BCDC324AF4ED600D78E13 /* LoginViewController.swift in Sources */ = {isa = PBXBuildFile; fileRef = B15BCDC224AF4ED600D78E13 /* LoginViewController.swift */; };
		B15BCDD824B32BFA00D78E13 /* KeychainAccess in Frameworks */ = {isa = PBXBuildFile; productRef = B15BCDD724B32BFA00D78E13 /* KeychainAccess */; };
		B15BCDDA24B32DBF00D78E13 /* UserViewController.swift in Sources */ = {isa = PBXBuildFile; fileRef = B15BCDD924B32DBF00D78E13 /* UserViewController.swift */; };
		B1E71E8124B47C3E000BF677 /* Endpoint.swift in Sources */ = {isa = PBXBuildFile; fileRef = B1E71E8024B47C3E000BF677 /* Endpoint.swift */; };
		B407B60B24ACE1500098CEFA /* AppDelegate.swift in Sources */ = {isa = PBXBuildFile; fileRef = B407B60A24ACE1500098CEFA /* AppDelegate.swift */; };
		B407B60D24ACE1500098CEFA /* SceneDelegate.swift in Sources */ = {isa = PBXBuildFile; fileRef = B407B60C24ACE1500098CEFA /* SceneDelegate.swift */; };
		B407B61224ACE1500098CEFA /* Main.storyboard in Resources */ = {isa = PBXBuildFile; fileRef = B407B61024ACE1500098CEFA /* Main.storyboard */; };
		B407B61424ACE1530098CEFA /* Assets.xcassets in Resources */ = {isa = PBXBuildFile; fileRef = B407B61324ACE1530098CEFA /* Assets.xcassets */; };
		B407B61724ACE1530098CEFA /* LaunchScreen.storyboard in Resources */ = {isa = PBXBuildFile; fileRef = B407B61524ACE1530098CEFA /* LaunchScreen.storyboard */; };
		B407B62224ACE1530098CEFA /* NetworkTests.swift in Sources */ = {isa = PBXBuildFile; fileRef = B407B62124ACE1530098CEFA /* NetworkTests.swift */; };
		B407B63024B0B8940098CEFA /* Utils.swift in Sources */ = {isa = PBXBuildFile; fileRef = B407B62F24B0B8940098CEFA /* Utils.swift */; };
		B407B63C24B356080098CEFA /* Coordinator.swift in Sources */ = {isa = PBXBuildFile; fileRef = B407B63B24B356080098CEFA /* Coordinator.swift */; };
		B407B63E24B356C40098CEFA /* MainCoordinator.swift in Sources */ = {isa = PBXBuildFile; fileRef = B407B63D24B356C40098CEFA /* MainCoordinator.swift */; };
		B407B64024B356D80098CEFA /* Storyboarded.swift in Sources */ = {isa = PBXBuildFile; fileRef = B407B63F24B356D80098CEFA /* Storyboarded.swift */; };
		B447B9C424B72F040070A00D /* NetworkProviderMock.swift in Sources */ = {isa = PBXBuildFile; fileRef = B447B9C324B72F040070A00D /* NetworkProviderMock.swift */; };
		B447B9C824B736EF0070A00D /* URLSessionDataMock.swift in Sources */ = {isa = PBXBuildFile; fileRef = B447B9C724B736EF0070A00D /* URLSessionDataMock.swift */; };
/* End PBXBuildFile section */

/* Begin PBXContainerItemProxy section */
		B407B61E24ACE1530098CEFA /* PBXContainerItemProxy */ = {
			isa = PBXContainerItemProxy;
			containerPortal = B407B5FF24ACE1500098CEFA /* Project object */;
			proxyType = 1;
			remoteGlobalIDString = B407B60624ACE1500098CEFA;
			remoteInfo = GitHubExplorer;
		};
/* End PBXContainerItemProxy section */

/* Begin PBXFileReference section */
		AB46DB6124B78F42008F083F /* EndpointMock.swift */ = {isa = PBXFileReference; lastKnownFileType = sourcecode.swift; path = EndpointMock.swift; sourceTree = "<group>"; };
		AB55D64324B75B2300B613F8 /* GithubAPITest.swift */ = {isa = PBXFileReference; lastKnownFileType = sourcecode.swift; path = GithubAPITest.swift; sourceTree = "<group>"; };
		AB55D64524B75F1100B613F8 /* GithubAPIMock.swift */ = {isa = PBXFileReference; lastKnownFileType = sourcecode.swift; path = GithubAPIMock.swift; sourceTree = "<group>"; };
		AB70310B24B4DF06003349E4 /* AuthorizationResponse.swift */ = {isa = PBXFileReference; lastKnownFileType = sourcecode.swift; path = AuthorizationResponse.swift; sourceTree = "<group>"; };
		AB70310D24B4FEB6003349E4 /* Secrets.swift */ = {isa = PBXFileReference; lastKnownFileType = sourcecode.swift; path = Secrets.swift; sourceTree = "<group>"; };
		AB70310F24B5BD3C003349E4 /* Repository.swift */ = {isa = PBXFileReference; lastKnownFileType = sourcecode.swift; path = Repository.swift; sourceTree = "<group>"; };
		AB70311124B5C150003349E4 /* ReposViewController.swift */ = {isa = PBXFileReference; lastKnownFileType = sourcecode.swift; path = ReposViewController.swift; sourceTree = "<group>"; };
		AB70311924B61A99003349E4 /* AlertProtocol.swift */ = {isa = PBXFileReference; lastKnownFileType = sourcecode.swift; path = AlertProtocol.swift; sourceTree = "<group>"; };
		B14AA74824AF2604004B334A /* Network.swift */ = {isa = PBXFileReference; lastKnownFileType = sourcecode.swift; path = Network.swift; sourceTree = "<group>"; };
		B14AA74B24AF2837004B334A /* URLSession+NetworkProvider.swift */ = {isa = PBXFileReference; lastKnownFileType = sourcecode.swift; path = "URLSession+NetworkProvider.swift"; sourceTree = "<group>"; };
		B15BCDB724AF385900D78E13 /* GithubAPI.swift */ = {isa = PBXFileReference; lastKnownFileType = sourcecode.swift; path = GithubAPI.swift; sourceTree = "<group>"; };
		B15BCDBA24AF38AC00D78E13 /* User.swift */ = {isa = PBXFileReference; lastKnownFileType = sourcecode.swift; path = User.swift; sourceTree = "<group>"; };
		B15BCDBC24AF4C1B00D78E13 /* APIError.swift */ = {isa = PBXFileReference; lastKnownFileType = sourcecode.swift; path = APIError.swift; sourceTree = "<group>"; };
		B15BCDC224AF4ED600D78E13 /* LoginViewController.swift */ = {isa = PBXFileReference; lastKnownFileType = sourcecode.swift; path = LoginViewController.swift; sourceTree = "<group>"; };
		B15BCDD924B32DBF00D78E13 /* UserViewController.swift */ = {isa = PBXFileReference; lastKnownFileType = sourcecode.swift; path = UserViewController.swift; sourceTree = "<group>"; };
		B1E71E8024B47C3E000BF677 /* Endpoint.swift */ = {isa = PBXFileReference; lastKnownFileType = sourcecode.swift; path = Endpoint.swift; sourceTree = "<group>"; };
		B407B60724ACE1500098CEFA /* GitHubExplorer.app */ = {isa = PBXFileReference; explicitFileType = wrapper.application; includeInIndex = 0; path = GitHubExplorer.app; sourceTree = BUILT_PRODUCTS_DIR; };
		B407B60A24ACE1500098CEFA /* AppDelegate.swift */ = {isa = PBXFileReference; lastKnownFileType = sourcecode.swift; path = AppDelegate.swift; sourceTree = "<group>"; };
		B407B60C24ACE1500098CEFA /* SceneDelegate.swift */ = {isa = PBXFileReference; lastKnownFileType = sourcecode.swift; path = SceneDelegate.swift; sourceTree = "<group>"; };
		B407B61124ACE1500098CEFA /* Base */ = {isa = PBXFileReference; lastKnownFileType = file.storyboard; name = Base; path = Base.lproj/Main.storyboard; sourceTree = "<group>"; };
		B407B61324ACE1530098CEFA /* Assets.xcassets */ = {isa = PBXFileReference; lastKnownFileType = folder.assetcatalog; path = Assets.xcassets; sourceTree = "<group>"; };
		B407B61624ACE1530098CEFA /* Base */ = {isa = PBXFileReference; lastKnownFileType = file.storyboard; name = Base; path = Base.lproj/LaunchScreen.storyboard; sourceTree = "<group>"; };
		B407B61824ACE1530098CEFA /* Info.plist */ = {isa = PBXFileReference; lastKnownFileType = text.plist.xml; path = Info.plist; sourceTree = "<group>"; };
		B407B61D24ACE1530098CEFA /* GitHubExplorerTests.xctest */ = {isa = PBXFileReference; explicitFileType = wrapper.cfbundle; includeInIndex = 0; path = GitHubExplorerTests.xctest; sourceTree = BUILT_PRODUCTS_DIR; };
		B407B62124ACE1530098CEFA /* NetworkTests.swift */ = {isa = PBXFileReference; lastKnownFileType = sourcecode.swift; path = NetworkTests.swift; sourceTree = "<group>"; };
		B407B62324ACE1530098CEFA /* Info.plist */ = {isa = PBXFileReference; lastKnownFileType = text.plist.xml; path = Info.plist; sourceTree = "<group>"; };
		B407B62F24B0B8940098CEFA /* Utils.swift */ = {isa = PBXFileReference; lastKnownFileType = sourcecode.swift; path = Utils.swift; sourceTree = "<group>"; };
		B407B63B24B356080098CEFA /* Coordinator.swift */ = {isa = PBXFileReference; lastKnownFileType = sourcecode.swift; path = Coordinator.swift; sourceTree = "<group>"; };
		B407B63D24B356C40098CEFA /* MainCoordinator.swift */ = {isa = PBXFileReference; lastKnownFileType = sourcecode.swift; path = MainCoordinator.swift; sourceTree = "<group>"; };
		B407B63F24B356D80098CEFA /* Storyboarded.swift */ = {isa = PBXFileReference; lastKnownFileType = sourcecode.swift; path = Storyboarded.swift; sourceTree = "<group>"; };
		B447B9C324B72F040070A00D /* NetworkProviderMock.swift */ = {isa = PBXFileReference; lastKnownFileType = sourcecode.swift; path = NetworkProviderMock.swift; sourceTree = "<group>"; };
		B447B9C724B736EF0070A00D /* URLSessionDataMock.swift */ = {isa = PBXFileReference; lastKnownFileType = sourcecode.swift; path = URLSessionDataMock.swift; sourceTree = "<group>"; };
/* End PBXFileReference section */

/* Begin PBXFrameworksBuildPhase section */
		B407B60424ACE1500098CEFA /* Frameworks */ = {
			isa = PBXFrameworksBuildPhase;
			buildActionMask = 2147483647;
			files = (
				B15BCDD824B32BFA00D78E13 /* KeychainAccess in Frameworks */,
			);
			runOnlyForDeploymentPostprocessing = 0;
		};
		B407B61A24ACE1530098CEFA /* Frameworks */ = {
			isa = PBXFrameworksBuildPhase;
			buildActionMask = 2147483647;
			files = (
			);
			runOnlyForDeploymentPostprocessing = 0;
		};
/* End PBXFrameworksBuildPhase section */

/* Begin PBXGroup section */
		B14AA74A24AF2820004B334A /* Networking */ = {
			isa = PBXGroup;
			children = (
				B14AA74824AF2604004B334A /* Network.swift */,
				B14AA74B24AF2837004B334A /* URLSession+NetworkProvider.swift */,
				B15BCDB724AF385900D78E13 /* GithubAPI.swift */,
				B15BCDBC24AF4C1B00D78E13 /* APIError.swift */,
				B1E71E8024B47C3E000BF677 /* Endpoint.swift */,
			);
			path = Networking;
			sourceTree = "<group>";
		};
		B15BCDB924AF38A400D78E13 /* Models */ = {
			isa = PBXGroup;
			children = (
				B15BCDBA24AF38AC00D78E13 /* User.swift */,
				AB70310B24B4DF06003349E4 /* AuthorizationResponse.swift */,
				AB70310F24B5BD3C003349E4 /* Repository.swift */,
			);
			path = Models;
			sourceTree = "<group>";
		};
		B15BCDC124AF4EBA00D78E13 /* ViewControllers */ = {
			isa = PBXGroup;
			children = (
				B15BCDC224AF4ED600D78E13 /* LoginViewController.swift */,
				B15BCDD924B32DBF00D78E13 /* UserViewController.swift */,
				AB70311124B5C150003349E4 /* ReposViewController.swift */,
				AB70311924B61A99003349E4 /* AlertProtocol.swift */,
			);
			path = ViewControllers;
			sourceTree = "<group>";
		};
		B407B5FE24ACE1500098CEFA = {
			isa = PBXGroup;
			children = (
				B407B60924ACE1500098CEFA /* GitHubExplorer */,
				B407B62024ACE1530098CEFA /* GitHubExplorerTests */,
				B407B60824ACE1500098CEFA /* Products */,
			);
			sourceTree = "<group>";
		};
		B407B60824ACE1500098CEFA /* Products */ = {
			isa = PBXGroup;
			children = (
				B407B60724ACE1500098CEFA /* GitHubExplorer.app */,
				B407B61D24ACE1530098CEFA /* GitHubExplorerTests.xctest */,
			);
			name = Products;
			sourceTree = "<group>";
		};
		B407B60924ACE1500098CEFA /* GitHubExplorer */ = {
			isa = PBXGroup;
			children = (
				B407B63A24B355BC0098CEFA /* Coordinators */,
				B15BCDC124AF4EBA00D78E13 /* ViewControllers */,
				B15BCDB924AF38A400D78E13 /* Models */,
				B14AA74A24AF2820004B334A /* Networking */,
				B407B60A24ACE1500098CEFA /* AppDelegate.swift */,
				B407B60C24ACE1500098CEFA /* SceneDelegate.swift */,
				B407B62E24B0B8770098CEFA /* Utils */,
				B407B61024ACE1500098CEFA /* Main.storyboard */,
				B407B61324ACE1530098CEFA /* Assets.xcassets */,
				B407B61524ACE1530098CEFA /* LaunchScreen.storyboard */,
				B407B61824ACE1530098CEFA /* Info.plist */,
				AB70310D24B4FEB6003349E4 /* Secrets.swift */,
			);
			path = GitHubExplorer;
			sourceTree = "<group>";
		};
		B407B62024ACE1530098CEFA /* GitHubExplorerTests */ = {
			isa = PBXGroup;
			children = (
				B447B9C224B72EDC0070A00D /* Mocks */,
				B407B62124ACE1530098CEFA /* NetworkTests.swift */,
				B407B62324ACE1530098CEFA /* Info.plist */,
				AB55D64324B75B2300B613F8 /* GithubAPITest.swift */,
			);
			path = GitHubExplorerTests;
			sourceTree = "<group>";
		};
		B407B62E24B0B8770098CEFA /* Utils */ = {
			isa = PBXGroup;
			children = (
				B407B62F24B0B8940098CEFA /* Utils.swift */,
			);
			path = Utils;
			sourceTree = "<group>";
		};
		B407B63A24B355BC0098CEFA /* Coordinators */ = {
			isa = PBXGroup;
			children = (
				B407B63B24B356080098CEFA /* Coordinator.swift */,
				B407B63D24B356C40098CEFA /* MainCoordinator.swift */,
				B407B63F24B356D80098CEFA /* Storyboarded.swift */,
			);
			path = Coordinators;
			sourceTree = "<group>";
		};
		B447B9C224B72EDC0070A00D /* Mocks */ = {
			isa = PBXGroup;
			children = (
				B447B9C324B72F040070A00D /* NetworkProviderMock.swift */,
				B447B9C724B736EF0070A00D /* URLSessionDataMock.swift */,
				AB55D64524B75F1100B613F8 /* GithubAPIMock.swift */,
				AB46DB6124B78F42008F083F /* EndpointMock.swift */,
			);
			path = Mocks;
			sourceTree = "<group>";
		};
/* End PBXGroup section */

/* Begin PBXNativeTarget section */
		B407B60624ACE1500098CEFA /* GitHubExplorer */ = {
			isa = PBXNativeTarget;
			buildConfigurationList = B407B62624ACE1530098CEFA /* Build configuration list for PBXNativeTarget "GitHubExplorer" */;
			buildPhases = (
				B407B60324ACE1500098CEFA /* Sources */,
				B407B60424ACE1500098CEFA /* Frameworks */,
				B407B60524ACE1500098CEFA /* Resources */,
			);
			buildRules = (
			);
			dependencies = (
			);
			name = GitHubExplorer;
			packageProductDependencies = (
				B15BCDD724B32BFA00D78E13 /* KeychainAccess */,
			);
			productName = GitHubExplorer;
			productReference = B407B60724ACE1500098CEFA /* GitHubExplorer.app */;
			productType = "com.apple.product-type.application";
		};
		B407B61C24ACE1530098CEFA /* GitHubExplorerTests */ = {
			isa = PBXNativeTarget;
			buildConfigurationList = B407B62924ACE1530098CEFA /* Build configuration list for PBXNativeTarget "GitHubExplorerTests" */;
			buildPhases = (
				B407B61924ACE1530098CEFA /* Sources */,
				B407B61A24ACE1530098CEFA /* Frameworks */,
				B407B61B24ACE1530098CEFA /* Resources */,
			);
			buildRules = (
			);
			dependencies = (
				B407B61F24ACE1530098CEFA /* PBXTargetDependency */,
			);
			name = GitHubExplorerTests;
			productName = GitHubExplorerTests;
			productReference = B407B61D24ACE1530098CEFA /* GitHubExplorerTests.xctest */;
			productType = "com.apple.product-type.bundle.unit-test";
		};
/* End PBXNativeTarget section */

/* Begin PBXProject section */
		B407B5FF24ACE1500098CEFA /* Project object */ = {
			isa = PBXProject;
			attributes = {
				LastSwiftUpdateCheck = 1130;
				LastUpgradeCheck = 1130;
				ORGANIZATIONNAME = example;
				TargetAttributes = {
					B407B60624ACE1500098CEFA = {
						CreatedOnToolsVersion = 11.3.1;
					};
					B407B61C24ACE1530098CEFA = {
						CreatedOnToolsVersion = 11.3.1;
						TestTargetID = B407B60624ACE1500098CEFA;
					};
				};
			};
			buildConfigurationList = B407B60224ACE1500098CEFA /* Build configuration list for PBXProject "GitHubExplorer" */;
			compatibilityVersion = "Xcode 9.3";
			developmentRegion = en;
			hasScannedForEncodings = 0;
			knownRegions = (
				en,
				Base,
			);
			mainGroup = B407B5FE24ACE1500098CEFA;
			packageReferences = (
				B15BCDD624B32BFA00D78E13 /* XCRemoteSwiftPackageReference "KeychainAccess" */,
			);
			productRefGroup = B407B60824ACE1500098CEFA /* Products */;
			projectDirPath = "";
			projectRoot = "";
			targets = (
				B407B60624ACE1500098CEFA /* GitHubExplorer */,
				B407B61C24ACE1530098CEFA /* GitHubExplorerTests */,
			);
		};
/* End PBXProject section */

/* Begin PBXResourcesBuildPhase section */
		B407B60524ACE1500098CEFA /* Resources */ = {
			isa = PBXResourcesBuildPhase;
			buildActionMask = 2147483647;
			files = (
				B407B61724ACE1530098CEFA /* LaunchScreen.storyboard in Resources */,
				B407B61424ACE1530098CEFA /* Assets.xcassets in Resources */,
				B407B61224ACE1500098CEFA /* Main.storyboard in Resources */,
			);
			runOnlyForDeploymentPostprocessing = 0;
		};
		B407B61B24ACE1530098CEFA /* Resources */ = {
			isa = PBXResourcesBuildPhase;
			buildActionMask = 2147483647;
			files = (
			);
			runOnlyForDeploymentPostprocessing = 0;
		};
/* End PBXResourcesBuildPhase section */

/* Begin PBXSourcesBuildPhase section */
		B407B60324ACE1500098CEFA /* Sources */ = {
			isa = PBXSourcesBuildPhase;
			buildActionMask = 2147483647;
			files = (
				AB70311224B5C150003349E4 /* ReposViewController.swift in Sources */,
				B1E71E8124B47C3E000BF677 /* Endpoint.swift in Sources */,
				AB70310E24B4FEB6003349E4 /* Secrets.swift in Sources */,
				B15BCDC324AF4ED600D78E13 /* LoginViewController.swift in Sources */,
				B407B63E24B356C40098CEFA /* MainCoordinator.swift in Sources */,
				B15BCDDA24B32DBF00D78E13 /* UserViewController.swift in Sources */,
				AB70311A24B61A99003349E4 /* AlertProtocol.swift in Sources */,
				B15BCDB824AF385900D78E13 /* GithubAPI.swift in Sources */,
				AB70310C24B4DF06003349E4 /* AuthorizationResponse.swift in Sources */,
				B407B60B24ACE1500098CEFA /* AppDelegate.swift in Sources */,
				B407B64024B356D80098CEFA /* Storyboarded.swift in Sources */,
				B14AA74924AF2604004B334A /* Network.swift in Sources */,
				B407B63024B0B8940098CEFA /* Utils.swift in Sources */,
				B407B63C24B356080098CEFA /* Coordinator.swift in Sources */,
				B14AA74C24AF2837004B334A /* URLSession+NetworkProvider.swift in Sources */,
				AB70311024B5BD3C003349E4 /* Repository.swift in Sources */,
				B15BCDBD24AF4C1B00D78E13 /* APIError.swift in Sources */,
				B407B60D24ACE1500098CEFA /* SceneDelegate.swift in Sources */,
				B15BCDBB24AF38AC00D78E13 /* User.swift in Sources */,
			);
			runOnlyForDeploymentPostprocessing = 0;
		};
		B407B61924ACE1530098CEFA /* Sources */ = {
			isa = PBXSourcesBuildPhase;
			buildActionMask = 2147483647;
			files = (
				B447B9C824B736EF0070A00D /* URLSessionDataMock.swift in Sources */,
				B447B9C424B72F040070A00D /* NetworkProviderMock.swift in Sources */,
				AB46DB6224B78F42008F083F /* EndpointMock.swift in Sources */,
				AB55D64624B75F1100B613F8 /* GithubAPIMock.swift in Sources */,
				B407B62224ACE1530098CEFA /* NetworkTests.swift in Sources */,
				AB55D64424B75B2300B613F8 /* GithubAPITest.swift in Sources */,
			);
			runOnlyForDeploymentPostprocessing = 0;
		};
/* End PBXSourcesBuildPhase section */

/* Begin PBXTargetDependency section */
		B407B61F24ACE1530098CEFA /* PBXTargetDependency */ = {
			isa = PBXTargetDependency;
			target = B407B60624ACE1500098CEFA /* GitHubExplorer */;
			targetProxy = B407B61E24ACE1530098CEFA /* PBXContainerItemProxy */;
		};
/* End PBXTargetDependency section */

/* Begin PBXVariantGroup section */
		B407B61024ACE1500098CEFA /* Main.storyboard */ = {
			isa = PBXVariantGroup;
			children = (
				B407B61124ACE1500098CEFA /* Base */,
			);
			name = Main.storyboard;
			sourceTree = "<group>";
		};
		B407B61524ACE1530098CEFA /* LaunchScreen.storyboard */ = {
			isa = PBXVariantGroup;
			children = (
				B407B61624ACE1530098CEFA /* Base */,
			);
			name = LaunchScreen.storyboard;
			sourceTree = "<group>";
		};
/* End PBXVariantGroup section */

/* Begin XCBuildConfiguration section */
		B407B62424ACE1530098CEFA /* Debug */ = {
			isa = XCBuildConfiguration;
			buildSettings = {
				ALWAYS_SEARCH_USER_PATHS = NO;
				CLANG_ANALYZER_NONNULL = YES;
				CLANG_ANALYZER_NUMBER_OBJECT_CONVERSION = YES_AGGRESSIVE;
				CLANG_CXX_LANGUAGE_STANDARD = "gnu++14";
				CLANG_CXX_LIBRARY = "libc++";
				CLANG_ENABLE_MODULES = YES;
				CLANG_ENABLE_OBJC_ARC = YES;
				CLANG_ENABLE_OBJC_WEAK = YES;
				CLANG_WARN_BLOCK_CAPTURE_AUTORELEASING = YES;
				CLANG_WARN_BOOL_CONVERSION = YES;
				CLANG_WARN_COMMA = YES;
				CLANG_WARN_CONSTANT_CONVERSION = YES;
				CLANG_WARN_DEPRECATED_OBJC_IMPLEMENTATIONS = YES;
				CLANG_WARN_DIRECT_OBJC_ISA_USAGE = YES_ERROR;
				CLANG_WARN_DOCUMENTATION_COMMENTS = YES;
				CLANG_WARN_EMPTY_BODY = YES;
				CLANG_WARN_ENUM_CONVERSION = YES;
				CLANG_WARN_INFINITE_RECURSION = YES;
				CLANG_WARN_INT_CONVERSION = YES;
				CLANG_WARN_NON_LITERAL_NULL_CONVERSION = YES;
				CLANG_WARN_OBJC_IMPLICIT_RETAIN_SELF = YES;
				CLANG_WARN_OBJC_LITERAL_CONVERSION = YES;
				CLANG_WARN_OBJC_ROOT_CLASS = YES_ERROR;
				CLANG_WARN_RANGE_LOOP_ANALYSIS = YES;
				CLANG_WARN_STRICT_PROTOTYPES = YES;
				CLANG_WARN_SUSPICIOUS_MOVE = YES;
				CLANG_WARN_UNGUARDED_AVAILABILITY = YES_AGGRESSIVE;
				CLANG_WARN_UNREACHABLE_CODE = YES;
				CLANG_WARN__DUPLICATE_METHOD_MATCH = YES;
				COPY_PHASE_STRIP = NO;
				DEBUG_INFORMATION_FORMAT = dwarf;
				ENABLE_STRICT_OBJC_MSGSEND = YES;
				ENABLE_TESTABILITY = YES;
				GCC_C_LANGUAGE_STANDARD = gnu11;
				GCC_DYNAMIC_NO_PIC = NO;
				GCC_NO_COMMON_BLOCKS = YES;
				GCC_OPTIMIZATION_LEVEL = 0;
				GCC_PREPROCESSOR_DEFINITIONS = (
					"DEBUG=1",
					"$(inherited)",
				);
				GCC_WARN_64_TO_32_BIT_CONVERSION = YES;
				GCC_WARN_ABOUT_RETURN_TYPE = YES_ERROR;
				GCC_WARN_UNDECLARED_SELECTOR = YES;
				GCC_WARN_UNINITIALIZED_AUTOS = YES_AGGRESSIVE;
				GCC_WARN_UNUSED_FUNCTION = YES;
				GCC_WARN_UNUSED_VARIABLE = YES;
				IPHONEOS_DEPLOYMENT_TARGET = 13.2;
				MTL_ENABLE_DEBUG_INFO = INCLUDE_SOURCE;
				MTL_FAST_MATH = YES;
				ONLY_ACTIVE_ARCH = YES;
				SDKROOT = iphoneos;
				SWIFT_ACTIVE_COMPILATION_CONDITIONS = DEBUG;
				SWIFT_OPTIMIZATION_LEVEL = "-Onone";
			};
			name = Debug;
		};
		B407B62524ACE1530098CEFA /* Release */ = {
			isa = XCBuildConfiguration;
			buildSettings = {
				ALWAYS_SEARCH_USER_PATHS = NO;
				CLANG_ANALYZER_NONNULL = YES;
				CLANG_ANALYZER_NUMBER_OBJECT_CONVERSION = YES_AGGRESSIVE;
				CLANG_CXX_LANGUAGE_STANDARD = "gnu++14";
				CLANG_CXX_LIBRARY = "libc++";
				CLANG_ENABLE_MODULES = YES;
				CLANG_ENABLE_OBJC_ARC = YES;
				CLANG_ENABLE_OBJC_WEAK = YES;
				CLANG_WARN_BLOCK_CAPTURE_AUTORELEASING = YES;
				CLANG_WARN_BOOL_CONVERSION = YES;
				CLANG_WARN_COMMA = YES;
				CLANG_WARN_CONSTANT_CONVERSION = YES;
				CLANG_WARN_DEPRECATED_OBJC_IMPLEMENTATIONS = YES;
				CLANG_WARN_DIRECT_OBJC_ISA_USAGE = YES_ERROR;
				CLANG_WARN_DOCUMENTATION_COMMENTS = YES;
				CLANG_WARN_EMPTY_BODY = YES;
				CLANG_WARN_ENUM_CONVERSION = YES;
				CLANG_WARN_INFINITE_RECURSION = YES;
				CLANG_WARN_INT_CONVERSION = YES;
				CLANG_WARN_NON_LITERAL_NULL_CONVERSION = YES;
				CLANG_WARN_OBJC_IMPLICIT_RETAIN_SELF = YES;
				CLANG_WARN_OBJC_LITERAL_CONVERSION = YES;
				CLANG_WARN_OBJC_ROOT_CLASS = YES_ERROR;
				CLANG_WARN_RANGE_LOOP_ANALYSIS = YES;
				CLANG_WARN_STRICT_PROTOTYPES = YES;
				CLANG_WARN_SUSPICIOUS_MOVE = YES;
				CLANG_WARN_UNGUARDED_AVAILABILITY = YES_AGGRESSIVE;
				CLANG_WARN_UNREACHABLE_CODE = YES;
				CLANG_WARN__DUPLICATE_METHOD_MATCH = YES;
				COPY_PHASE_STRIP = NO;
				DEBUG_INFORMATION_FORMAT = "dwarf-with-dsym";
				ENABLE_NS_ASSERTIONS = NO;
				ENABLE_STRICT_OBJC_MSGSEND = YES;
				GCC_C_LANGUAGE_STANDARD = gnu11;
				GCC_NO_COMMON_BLOCKS = YES;
				GCC_WARN_64_TO_32_BIT_CONVERSION = YES;
				GCC_WARN_ABOUT_RETURN_TYPE = YES_ERROR;
				GCC_WARN_UNDECLARED_SELECTOR = YES;
				GCC_WARN_UNINITIALIZED_AUTOS = YES_AGGRESSIVE;
				GCC_WARN_UNUSED_FUNCTION = YES;
				GCC_WARN_UNUSED_VARIABLE = YES;
				IPHONEOS_DEPLOYMENT_TARGET = 13.2;
				MTL_ENABLE_DEBUG_INFO = NO;
				MTL_FAST_MATH = YES;
				SDKROOT = iphoneos;
				SWIFT_COMPILATION_MODE = wholemodule;
				SWIFT_OPTIMIZATION_LEVEL = "-O";
				VALIDATE_PRODUCT = YES;
			};
			name = Release;
		};
		B407B62724ACE1530098CEFA /* Debug */ = {
			isa = XCBuildConfiguration;
			buildSettings = {
				ASSETCATALOG_COMPILER_APPICON_NAME = AppIcon;
				CODE_SIGN_STYLE = Automatic;
				DEVELOPMENT_TEAM = J9L7T2Z75L;
				INFOPLIST_FILE = GitHubExplorer/Info.plist;
				LD_RUNPATH_SEARCH_PATHS = (
					"$(inherited)",
					"@executable_path/Frameworks",
				);
				PRODUCT_BUNDLE_IDENTIFIER = com.example.GitHubExplorer;
				PRODUCT_NAME = "$(TARGET_NAME)";
				SWIFT_VERSION = 5.0;
				TARGETED_DEVICE_FAMILY = "1,2";
			};
			name = Debug;
		};
		B407B62824ACE1530098CEFA /* Release */ = {
			isa = XCBuildConfiguration;
			buildSettings = {
				ASSETCATALOG_COMPILER_APPICON_NAME = AppIcon;
				CODE_SIGN_STYLE = Automatic;
				DEVELOPMENT_TEAM = J9L7T2Z75L;
				INFOPLIST_FILE = GitHubExplorer/Info.plist;
				LD_RUNPATH_SEARCH_PATHS = (
					"$(inherited)",
					"@executable_path/Frameworks",
				);
				PRODUCT_BUNDLE_IDENTIFIER = com.example.GitHubExplorer;
				PRODUCT_NAME = "$(TARGET_NAME)";
				SWIFT_VERSION = 5.0;
				TARGETED_DEVICE_FAMILY = "1,2";
			};
			name = Release;
		};
		B407B62A24ACE1530098CEFA /* Debug */ = {
			isa = XCBuildConfiguration;
			buildSettings = {
				ALWAYS_EMBED_SWIFT_STANDARD_LIBRARIES = YES;
				BUNDLE_LOADER = "$(TEST_HOST)";
				CODE_SIGN_STYLE = Automatic;
				INFOPLIST_FILE = GitHubExplorerTests/Info.plist;
				IPHONEOS_DEPLOYMENT_TARGET = 13.2;
				LD_RUNPATH_SEARCH_PATHS = (
					"$(inherited)",
					"@executable_path/Frameworks",
					"@loader_path/Frameworks",
				);
				PRODUCT_BUNDLE_IDENTIFIER = com.example.GitHubExplorerTests;
				PRODUCT_NAME = "$(TARGET_NAME)";
				SWIFT_VERSION = 5.0;
				TARGETED_DEVICE_FAMILY = "1,2";
				TEST_HOST = "$(BUILT_PRODUCTS_DIR)/GitHubExplorer.app/GitHubExplorer";
			};
			name = Debug;
		};
		B407B62B24ACE1530098CEFA /* Release */ = {
			isa = XCBuildConfiguration;
			buildSettings = {
				ALWAYS_EMBED_SWIFT_STANDARD_LIBRARIES = YES;
				BUNDLE_LOADER = "$(TEST_HOST)";
				CODE_SIGN_STYLE = Automatic;
				INFOPLIST_FILE = GitHubExplorerTests/Info.plist;
				IPHONEOS_DEPLOYMENT_TARGET = 13.2;
				LD_RUNPATH_SEARCH_PATHS = (
					"$(inherited)",
					"@executable_path/Frameworks",
					"@loader_path/Frameworks",
				);
				PRODUCT_BUNDLE_IDENTIFIER = com.example.GitHubExplorerTests;
				PRODUCT_NAME = "$(TARGET_NAME)";
				SWIFT_VERSION = 5.0;
				TARGETED_DEVICE_FAMILY = "1,2";
				TEST_HOST = "$(BUILT_PRODUCTS_DIR)/GitHubExplorer.app/GitHubExplorer";
			};
			name = Release;
		};
/* End XCBuildConfiguration section */

/* Begin XCConfigurationList section */
		B407B60224ACE1500098CEFA /* Build configuration list for PBXProject "GitHubExplorer" */ = {
			isa = XCConfigurationList;
			buildConfigurations = (
				B407B62424ACE1530098CEFA /* Debug */,
				B407B62524ACE1530098CEFA /* Release */,
			);
			defaultConfigurationIsVisible = 0;
			defaultConfigurationName = Release;
		};
		B407B62624ACE1530098CEFA /* Build configuration list for PBXNativeTarget "GitHubExplorer" */ = {
			isa = XCConfigurationList;
			buildConfigurations = (
				B407B62724ACE1530098CEFA /* Debug */,
				B407B62824ACE1530098CEFA /* Release */,
			);
			defaultConfigurationIsVisible = 0;
			defaultConfigurationName = Release;
		};
		B407B62924ACE1530098CEFA /* Build configuration list for PBXNativeTarget "GitHubExplorerTests" */ = {
			isa = XCConfigurationList;
			buildConfigurations = (
				B407B62A24ACE1530098CEFA /* Debug */,
				B407B62B24ACE1530098CEFA /* Release */,
			);
			defaultConfigurationIsVisible = 0;
			defaultConfigurationName = Release;
		};
/* End XCConfigurationList section */

/* Begin XCRemoteSwiftPackageReference section */
		B15BCDD624B32BFA00D78E13 /* XCRemoteSwiftPackageReference "KeychainAccess" */ = {
			isa = XCRemoteSwiftPackageReference;
			repositoryURL = "git@github.com:kishikawakatsumi/KeychainAccess.git";
			requirement = {
				kind = upToNextMajorVersion;
				minimumVersion = 4.2.0;
			};
		};
/* End XCRemoteSwiftPackageReference section */

/* Begin XCSwiftPackageProductDependency section */
		B15BCDD724B32BFA00D78E13 /* KeychainAccess */ = {
			isa = XCSwiftPackageProductDependency;
			package = B15BCDD624B32BFA00D78E13 /* XCRemoteSwiftPackageReference "KeychainAccess" */;
			productName = KeychainAccess;
		};
/* End XCSwiftPackageProductDependency section */
	};
	rootObject = B407B5FF24ACE1500098CEFA /* Project object */;
}
